
Microsoft Visual Studio Solution File, Format Version 12.00
# Visual Studio Version 16
VisualStudioVersion = 16.0.31424.327
MinimumVisualStudioVersion = 10.0.40219.1
Project("{FAE04EC0-301F-11D3-BF4B-00C04F79EFBC}") = "BagasiHidroponik", "BagasiHidroponik\BagasiHidroponik.csproj", "{5808EBAF-8F68-42D9-BBE4-6A39617781CF}"
EndProject
Global
	GlobalSection(SolutionConfigurationPlatforms) = preSolution
		Debug|Any CPU = Debug|Any CPU
		Release|Any CPU = Release|Any CPU
	EndGlobalSection
	GlobalSection(ProjectConfigurationPlatforms) = postSolution
		{5808EBAF-8F68-42D9-BBE4-6A39617781CF}.Debug|Any CPU.ActiveCfg = Debug|Any CPU
		{5808EBAF-8F68-42D9-BBE4-6A39617781CF}.Debug|Any CPU.Build.0 = Debug|Any CPU
		{5808EBAF-8F68-42D9-BBE4-6A39617781CF}.Release|Any CPU.ActiveCfg = Release|Any CPU
		{5808EBAF-8F68-42D9-BBE4-6A39617781CF}.Release|Any CPU.Build.0 = Release|Any CPU
	EndGlobalSection
	GlobalSection(SolutionProperties) = preSolution
		HideSolutionNode = FALSE
	EndGlobalSection
	GlobalSection(ExtensibilityGlobals) = postSolution
		SolutionGuid = {DAC7597A-7D5F-47CA-AB4F-177DC3EF4B10}
	EndGlobalSection
EndGlobal
